
Microsoft Visual Studio Solution File, Format Version 12.00
# Visual Studio Version 16
VisualStudioVersion = 16.0.31005.135
MinimumVisualStudioVersion = 10.0.40219.1
Project("{FAE04EC0-301F-11D3-BF4B-00C04F79EFBC}") = "RestoWebApp", "RestoWebApp\RestoWebApp.csproj", "{932A6777-84B1-44EB-B3C7-AD882DCB8102}"
EndProject
Global
	GlobalSection(SolutionConfigurationPlatforms) = preSolution
		Debug|Any CPU = Debug|Any CPU
		Release|Any CPU = Release|Any CPU
	EndGlobalSection
	GlobalSection(ProjectConfigurationPlatforms) = postSolution
		{932A6777-84B1-44EB-B3C7-AD882DCB8102}.Debug|Any CPU.ActiveCfg = Debug|Any CPU
		{932A6777-84B1-44EB-B3C7-AD882DCB8102}.Debug|Any CPU.Build.0 = Debug|Any CPU
		{932A6777-84B1-44EB-B3C7-AD882DCB8102}.Release|Any CPU.ActiveCfg = Release|Any CPU
		{932A6777-84B1-44EB-B3C7-AD882DCB8102}.Release|Any CPU.Build.0 = Release|Any CPU
	EndGlobalSection
	GlobalSection(SolutionProperties) = preSolution
		HideSolutionNode = FALSE
	EndGlobalSection
	GlobalSection(ExtensibilityGlobals) = postSolution
		SolutionGuid = {2DDE95A8-0F0C-4F43-9CD6-51DDFD504B1A}
	EndGlobalSection
EndGlobal
